PODS:
  - Caishen (2.1.2)
  - CardIO (5.3.2)

DEPENDENCIES:
  - Caishen (from `../`)
  - CardIO

SPEC REPOS:
  https://github.com/CocoaPods/Specs.git:
    - CardIO

EXTERNAL SOURCES:
  Caishen:
    :path: "../"

SPEC CHECKSUMS:
  Caishen: 1b2a48d38679f47d0f25c68cba5da991edb68927
  CardIO: 92c45caef0d986c4a303a7afba0c9b76ff2b1f6e

PODFILE CHECKSUM: d8d64c9ec4fa05bdfec5a19e6c40ed70e7cfff78

COCOAPODS: 1.5.0
